
Microsoft Visual Studio Solution File, Format Version 11.00
# Visual Studio 2010
Project("{FAE04EC0-301F-11D3-BF4B-00C04F79EFBC}") = "WebZinc", "..\WebZinc\WebZinc.csproj", "{3D6B22DF-3AAF-4836-A256-96EF8EA50B5D}"
EndProject
Project("{C8D11400-126E-41CD-887F-60BD40844F9E}") = "LeaderBoard", "LeaderBoard\LeaderBoard.dbproj", "{155F8663-01DA-4F77-BC99-9694DA0F65CF}"
EndProject
Project("{FAE04EC0-301F-11D3-BF4B-00C04F79EFBC}") = "DownloadLeaderboards", "DownloadLeaderboards\DownloadLeaderboards.csproj", "{6798603F-9F89-47F9-A08B-9A424460CB9A}"
EndProject
Project("{FAE04EC0-301F-11D3-BF4B-00C04F79EFBC}") = "Common", "Common\Common.csproj", "{698777C2-DDE2-4D52-A66F-D46508F0CC0F}"
EndProject
Project("{FAE04EC0-301F-11D3-BF4B-00C04F79EFBC}") = "Model", "Model\Model.csproj", "{1C654D69-5D44-40C9-99DF-BCF5BEAFB727}"
EndProject
Project("{FAE04EC0-301F-11D3-BF4B-00C04F79EFBC}") = "UpdateSongList", "UpdateSongList\UpdateSongList.csproj", "{AA3912E2-1704-4C17-98BA-29E05DBAB4D5}"
EndProject
Global
	GlobalSection(SolutionConfigurationPlatforms) = preSolution
		Debug|Any CPU = Debug|Any CPU
		Debug|Mixed Platforms = Debug|Mixed Platforms
		Debug|x86 = Debug|x86
		Release|Any CPU = Release|Any CPU
		Release|Mixed Platforms = Release|Mixed Platforms
		Release|x86 = Release|x86
	EndGlobalSection
	GlobalSection(ProjectConfigurationPlatforms) = postSolution
		{3D6B22DF-3AAF-4836-A256-96EF8EA50B5D}.Debug|Any CPU.ActiveCfg = Debug|Any CPU
		{3D6B22DF-3AAF-4836-A256-96EF8EA50B5D}.Debug|Any CPU.Build.0 = Debug|Any CPU
		{3D6B22DF-3AAF-4836-A256-96EF8EA50B5D}.Debug|Mixed Platforms.ActiveCfg = Debug|x86
		{3D6B22DF-3AAF-4836-A256-96EF8EA50B5D}.Debug|Mixed Platforms.Build.0 = Debug|x86
		{3D6B22DF-3AAF-4836-A256-96EF8EA50B5D}.Debug|x86.ActiveCfg = Debug|x86
		{3D6B22DF-3AAF-4836-A256-96EF8EA50B5D}.Debug|x86.Build.0 = Debug|x86
		{3D6B22DF-3AAF-4836-A256-96EF8EA50B5D}.Release|Any CPU.ActiveCfg = Release|Any CPU
		{3D6B22DF-3AAF-4836-A256-96EF8EA50B5D}.Release|Any CPU.Build.0 = Release|Any CPU
		{3D6B22DF-3AAF-4836-A256-96EF8EA50B5D}.Release|Mixed Platforms.ActiveCfg = Release|x86
		{3D6B22DF-3AAF-4836-A256-96EF8EA50B5D}.Release|Mixed Platforms.Build.0 = Release|x86
		{3D6B22DF-3AAF-4836-A256-96EF8EA50B5D}.Release|x86.ActiveCfg = Release|x86
		{3D6B22DF-3AAF-4836-A256-96EF8EA50B5D}.Release|x86.Build.0 = Release|x86
		{155F8663-01DA-4F77-BC99-9694DA0F65CF}.Debug|Any CPU.ActiveCfg = Debug|Any CPU
		{155F8663-01DA-4F77-BC99-9694DA0F65CF}.Debug|Any CPU.Build.0 = Debug|Any CPU
		{155F8663-01DA-4F77-BC99-9694DA0F65CF}.Debug|Mixed Platforms.ActiveCfg = Debug|Any CPU
		{155F8663-01DA-4F77-BC99-9694DA0F65CF}.Debug|Mixed Platforms.Build.0 = Debug|Any CPU
		{155F8663-01DA-4F77-BC99-9694DA0F65CF}.Debug|Mixed Platforms.Deploy.0 = Debug|Any CPU
		{155F8663-01DA-4F77-BC99-9694DA0F65CF}.Debug|x86.ActiveCfg = Debug|Any CPU
		{155F8663-01DA-4F77-BC99-9694DA0F65CF}.Release|Any CPU.ActiveCfg = Release|Any CPU
		{155F8663-01DA-4F77-BC99-9694DA0F65CF}.Release|Any CPU.Build.0 = Release|Any CPU
		{155F8663-01DA-4F77-BC99-9694DA0F65CF}.Release|Mixed Platforms.ActiveCfg = Release|Any CPU
		{155F8663-01DA-4F77-BC99-9694DA0F65CF}.Release|Mixed Platforms.Build.0 = Release|Any CPU
		{155F8663-01DA-4F77-BC99-9694DA0F65CF}.Release|Mixed Platforms.Deploy.0 = Release|Any CPU
		{155F8663-01DA-4F77-BC99-9694DA0F65CF}.Release|x86.ActiveCfg = Release|Any CPU
		{6798603F-9F89-47F9-A08B-9A424460CB9A}.Debug|Any CPU.ActiveCfg = Debug|x86
		{6798603F-9F89-47F9-A08B-9A424460CB9A}.Debug|Any CPU.Build.0 = Debug|x86
		{6798603F-9F89-47F9-A08B-9A424460CB9A}.Debug|Mixed Platforms.ActiveCfg = Debug|x86
		{6798603F-9F89-47F9-A08B-9A424460CB9A}.Debug|Mixed Platforms.Build.0 = Debug|x86
		{6798603F-9F89-47F9-A08B-9A424460CB9A}.Debug|x86.ActiveCfg = Debug|x86
		{6798603F-9F89-47F9-A08B-9A424460CB9A}.Debug|x86.Build.0 = Debug|x86
		{6798603F-9F89-47F9-A08B-9A424460CB9A}.Release|Any CPU.ActiveCfg = Release|x86
		{6798603F-9F89-47F9-A08B-9A424460CB9A}.Release|Any CPU.Build.0 = Release|x86
		{6798603F-9F89-47F9-A08B-9A424460CB9A}.Release|Mixed Platforms.ActiveCfg = Release|x86
		{6798603F-9F89-47F9-A08B-9A424460CB9A}.Release|Mixed Platforms.Build.0 = Release|x86
		{6798603F-9F89-47F9-A08B-9A424460CB9A}.Release|x86.ActiveCfg = Release|x86
		{6798603F-9F89-47F9-A08B-9A424460CB9A}.Release|x86.Build.0 = Release|x86
		{698777C2-DDE2-4D52-A66F-D46508F0CC0F}.Debug|Any CPU.ActiveCfg = Debug|Any CPU
		{698777C2-DDE2-4D52-A66F-D46508F0CC0F}.Debug|Any CPU.Build.0 = Debug|Any CPU
		{698777C2-DDE2-4D52-A66F-D46508F0CC0F}.Debug|Mixed Platforms.ActiveCfg = Debug|Any CPU
		{698777C2-DDE2-4D52-A66F-D46508F0CC0F}.Debug|Mixed Platforms.Build.0 = Debug|Any CPU
		{698777C2-DDE2-4D52-A66F-D46508F0CC0F}.Debug|x86.ActiveCfg = Debug|Any CPU
		{698777C2-DDE2-4D52-A66F-D46508F0CC0F}.Release|Any CPU.ActiveCfg = Release|Any CPU
		{698777C2-DDE2-4D52-A66F-D46508F0CC0F}.Release|Any CPU.Build.0 = Release|Any CPU
		{698777C2-DDE2-4D52-A66F-D46508F0CC0F}.Release|Mixed Platforms.ActiveCfg = Release|Any CPU
		{698777C2-DDE2-4D52-A66F-D46508F0CC0F}.Release|Mixed Platforms.Build.0 = Release|Any CPU
		{698777C2-DDE2-4D52-A66F-D46508F0CC0F}.Release|x86.ActiveCfg = Release|Any CPU
		{1C654D69-5D44-40C9-99DF-BCF5BEAFB727}.Debug|Any CPU.ActiveCfg = Debug|Any CPU
		{1C654D69-5D44-40C9-99DF-BCF5BEAFB727}.Debug|Any CPU.Build.0 = Debug|Any CPU
		{1C654D69-5D44-40C9-99DF-BCF5BEAFB727}.Debug|Mixed Platforms.ActiveCfg = Debug|Any CPU
		{1C654D69-5D44-40C9-99DF-BCF5BEAFB727}.Debug|Mixed Platforms.Build.0 = Debug|Any CPU
		{1C654D69-5D44-40C9-99DF-BCF5BEAFB727}.Debug|x86.ActiveCfg = Debug|Any CPU
		{1C654D69-5D44-40C9-99DF-BCF5BEAFB727}.Release|Any CPU.ActiveCfg = Release|Any CPU
		{1C654D69-5D44-40C9-99DF-BCF5BEAFB727}.Release|Any CPU.Build.0 = Release|Any CPU
		{1C654D69-5D44-40C9-99DF-BCF5BEAFB727}.Release|Mixed Platforms.ActiveCfg = Release|Any CPU
		{1C654D69-5D44-40C9-99DF-BCF5BEAFB727}.Release|Mixed Platforms.Build.0 = Release|Any CPU
		{1C654D69-5D44-40C9-99DF-BCF5BEAFB727}.Release|x86.ActiveCfg = Release|Any CPU
		{AA3912E2-1704-4C17-98BA-29E05DBAB4D5}.Debug|Any CPU.ActiveCfg = Debug|x86
		{AA3912E2-1704-4C17-98BA-29E05DBAB4D5}.Debug|Mixed Platforms.ActiveCfg = Debug|x86
		{AA3912E2-1704-4C17-98BA-29E05DBAB4D5}.Debug|Mixed Platforms.Build.0 = Debug|x86
		{AA3912E2-1704-4C17-98BA-29E05DBAB4D5}.Debug|x86.ActiveCfg = Debug|x86
		{AA3912E2-1704-4C17-98BA-29E05DBAB4D5}.Debug|x86.Build.0 = Debug|x86
		{AA3912E2-1704-4C17-98BA-29E05DBAB4D5}.Release|Any CPU.ActiveCfg = Release|x86
		{AA3912E2-1704-4C17-98BA-29E05DBAB4D5}.Release|Mixed Platforms.ActiveCfg = Release|x86
		{AA3912E2-1704-4C17-98BA-29E05DBAB4D5}.Release|Mixed Platforms.Build.0 = Release|x86
		{AA3912E2-1704-4C17-98BA-29E05DBAB4D5}.Release|x86.ActiveCfg = Release|x86
		{AA3912E2-1704-4C17-98BA-29E05DBAB4D5}.Release|x86.Build.0 = Release|x86
	EndGlobalSection
	GlobalSection(SolutionProperties) = preSolution
		HideSolutionNode = FALSE
	EndGlobalSection
EndGlobal
